// !$*UTF8*$!
{
	archiveVersion = 1;
	classes = {
	};
	objectVersion = 46;
	objects = {

/* Begin PBXBuildFile section */
		CB8164C51D1CDD9100205181 /* AppDelegate.swift in Sources */ = {isa = PBXBuildFile; fileRef = CB8164C41D1CDD9100205181 /* AppDelegate.swift */; };
		CB8164C71D1CDD9100205181 /* ViewController.swift in Sources */ = {isa = PBXBuildFile; fileRef = CB8164C61D1CDD9100205181 /* ViewController.swift */; };
		CB8164CA1D1CDD9100205181 /* Main.storyboard in Resources */ = {isa = PBXBuildFile; fileRef = CB8164C81D1CDD9100205181 /* Main.storyboard */; };
		CB8164CC1D1CDD9100205181 /* Assets.xcassets in Resources */ = {isa = PBXBuildFile; fileRef = CB8164CB1D1CDD9100205181 /* Assets.xcassets */; };
		CB8164CF1D1CDD9100205181 /* LaunchScreen.storyboard in Resources */ = {isa = PBXBuildFile; fileRef = CB8164CD1D1CDD9100205181 /* LaunchScreen.storyboard */; };
/* End PBXBuildFile section */

/* Begin PBXFileReference section */
		CB8164C11D1CDD9100205181 /* SwiftTipsLearn.app */ = {isa = PBXFileReference; explicitFileType = wrapper.application; includeInIndex = 0; path = SwiftTipsLearn.app; sourceTree = BUILT_PRODUCTS_DIR; };
		CB8164C41D1CDD9100205181 /* AppDelegate.swift */ = {isa = PBXFileReference; lastKnownFileType = sourcecode.swift; path = AppDelegate.swift; sourceTree = "<group>"; };
		CB8164C61D1CDD9100205181 /* ViewController.swift */ = {isa = PBXFileReference; lastKnownFileType = sourcecode.swift; path = ViewController.swift; sourceTree = "<group>"; };
		CB8164C91D1CDD9100205181 /* Base */ = {isa = PBXFileReference; lastKnownFileType = file.storyboard; name = Base; path = Base.lproj/Main.storyboard; sourceTree = "<group>"; };
		CB8164CB1D1CDD9100205181 /* Assets.xcassets */ = {isa = PBXFileReference; lastKnownFileType = folder.assetcatalog; path = Assets.xcassets; sourceTree = "<group>"; };
		CB8164CE1D1CDD9100205181 /* Base */ = {isa = PBXFileReference; lastKnownFileType = file.storyboard; name = Base; path = Base.lproj/LaunchScreen.storyboard; sourceTree = "<group>"; };
		CB8164D01D1CDD9100205181 /* Info.plist */ = {isa = PBXFileReference; lastKnownFileType = text.plist.xml; path = Info.plist; sourceTree = "<group>"; };
/* End PBXFileReference section */

/* Begin PBXFrameworksBuildPhase section */
		CB8164BE1D1CDD9100205181 /* Frameworks */ = {
			isa = PBXFrameworksBuildPhase;
			buildActionMask = 2147483647;
			files = (
			);
			runOnlyForDeploymentPostprocessing = 0;
		};
/* End PBXFrameworksBuildPhase section */

/* Begin PBXGroup section */
		CB8164B81D1CDD9100205181 = {
			isa = PBXGroup;
			children = (
				CB8164C31D1CDD9100205181 /* SwiftTipsLearn */,
				CB8164C21D1CDD9100205181 /* Products */,
			);
			sourceTree = "<group>";
		};
		CB8164C21D1CDD9100205181 /* Products */ = {
			isa = PBXGroup;
			children = (
				CB8164C11D1CDD9100205181 /* SwiftTipsLearn.app */,
			);
			name = Products;
			sourceTree = "<group>";
		};
		CB8164C31D1CDD9100205181 /* SwiftTipsLearn */ = {
			isa = PBXGroup;
			children = (
				CB8164C41D1CDD9100205181 /* AppDelegate.swift */,
				CB8164C61D1CDD9100205181 /* ViewController.swift */,
				CB8164C81D1CDD9100205181 /* Main.storyboard */,
				CB8164CB1D1CDD9100205181 /* Assets.xcassets */,
				CB8164CD1D1CDD9100205181 /* LaunchScreen.storyboard */,
				CB8164D01D1CDD9100205181 /* Info.plist */,
			);
			path = SwiftTipsLearn;
			sourceTree = "<group>";
		};
/* End PBXGroup section */

/* Begin PBXNativeTarget section */
		CB8164C01D1CDD9100205181 /* SwiftTipsLearn */ = {
			isa = PBXNativeTarget;
			buildConfigurationList = CB8164D31D1CDD9100205181 /* Build configuration list for PBXNativeTarget "SwiftTipsLearn" */;
			buildPhases = (
				CB8164BD1D1CDD9100205181 /* Sources */,
				CB8164BE1D1CDD9100205181 /* Frameworks */,
				CB8164BF1D1CDD9100205181 /* Resources */,
			);
			buildRules = (
			);
			dependencies = (
			);
			name = SwiftTipsLearn;
			productName = SwiftTipsLearn;
			productReference = CB8164C11D1CDD9100205181 /* SwiftTipsLearn.app */;
			productType = "com.apple.product-type.application";
		};
/* End PBXNativeTarget section */

/* Begin PBXProject section */
		CB8164B91D1CDD9100205181 /* Project object */ = {
			isa = PBXProject;
			attributes = {
				LastSwiftUpdateCheck = 0730;
				LastUpgradeCheck = 0730;
				ORGANIZATIONNAME = gsunis;
				TargetAttributes = {
					CB8164C01D1CDD9100205181 = {
						CreatedOnToolsVersion = 7.3.1;
						DevelopmentTeam = W7V5DQXFK8;
					};
				};
			};
			buildConfigurationList = CB8164BC1D1CDD9100205181 /* Build configuration list for PBXProject "SwiftTipsLearn" */;
			compatibilityVersion = "Xcode 3.2";
			developmentRegion = English;
			hasScannedForEncodings = 0;
			knownRegions = (
				en,
				Base,
			);
			mainGroup = CB8164B81D1CDD9100205181;
			productRefGroup = CB8164C21D1CDD9100205181 /* Products */;
			projectDirPath = "";
			projectRoot = "";
			targets = (
				CB8164C01D1CDD9100205181 /* SwiftTipsLearn */,
			);
		};
/* End PBXProject section */

/* Begin PBXResourcesBuildPhase section */
		CB8164BF1D1CDD9100205181 /* Resources */ = {
			isa = PBXResourcesBuildPhase;
			buildActionMask = 2147483647;
			files = (
				CB8164CF1D1CDD9100205181 /* LaunchScreen.storyboard in Resources */,
				CB8164CC1D1CDD9100205181 /* Assets.xcassets in Resources */,
				CB8164CA1D1CDD9100205181 /* Main.storyboard in Resources */,
			);
			runOnlyForDeploymentPostprocessing = 0;
		};
/* End PBXResourcesBuildPhase section */

/* Begin PBXSourcesBuildPhase section */
		CB8164BD1D1CDD9100205181 /* Sources */ = {
			isa = PBXSourcesBuildPhase;
			buildActionMask = 2147483647;
			files = (
				CB8164C71D1CDD9100205181 /* ViewController.swift in Sources */,
				CB8164C51D1CDD9100205181 /* AppDelegate.swift in Sources */,
			);
			runOnlyForDeploymentPostprocessing = 0;
		};
/* End PBXSourcesBuildPhase section */

/* Begin PBXVariantGroup section */
		CB8164C81D1CDD9100205181 /* Main.storyboard */ = {
			isa = PBXVariantGroup;
			children = (
				CB8164C91D1CDD9100205181 /* Base */,
			);
			name = Main.storyboard;
			sourceTree = "<group>";
		};
		CB8164CD1D1CDD9100205181 /* LaunchScreen.storyboard */ = {
			isa = PBXVariantGroup;
			children = (
				CB8164CE1D1CDD9100205181 /* Base */,
			);
			name = LaunchScreen.storyboard;
			sourceTree = "<group>";
		};
/* End PBXVariantGroup section */

/* Begin XCBuildConfiguration section */
		CB8164D11D1CDD9100205181 /* Debug */ = {
			isa = XCBuildConfiguration;
			buildSettings = {
				ALWAYS_SEARCH_USER_PATHS = NO;
				CLANG_ANALYZER_NONNULL = YES;
				CLANG_CXX_LANGUAGE_STANDARD = "gnu++0x";
				CLANG_CXX_LIBRARY = "libc++";
				CLANG_ENABLE_MODULES = YES;
				CLANG_ENABLE_OBJC_ARC = YES;
				CLANG_WARN_BOOL_CONVERSION = YES;
				CLANG_WARN_CONSTANT_CONVERSION = YES;
				CLANG_WARN_DIRECT_OBJC_ISA_USAGE = YES_ERROR;
				CLANG_WARN_EMPTY_BODY = YES;
				CLANG_WARN_ENUM_CONVERSION = YES;
				CLANG_WARN_INT_CONVERSION = YES;
				CLANG_WARN_OBJC_ROOT_CLASS = YES_ERROR;
				CLANG_WARN_UNREACHABLE_CODE = YES;
				CLANG_WARN__DUPLICATE_METHOD_MATCH = YES;
				"CODE_SIGN_IDENTITY[sdk=iphoneos*]" = "iPhone Developer";
				COPY_PHASE_STRIP = NO;
				DEBUG_INFORMATION_FORMAT = dwarf;
				ENABLE_STRICT_OBJC_MSGSEND = YES;
				ENABLE_TESTABILITY = YES;
				GCC_C_LANGUAGE_STANDARD = gnu99;
				GCC_DYNAMIC_NO_PIC = NO;
				GCC_NO_COMMON_BLOCKS = YES;
				GCC_OPTIMIZATION_LEVEL = 0;
				GCC_PREPROCESSOR_DEFINITIONS = (
					"DEBUG=1",
					"$(inherited)",
				);
				GCC_WARN_64_TO_32_BIT_CONVERSION = YES;
				GCC_WARN_ABOUT_RETURN_TYPE = YES_ERROR;
				GCC_WARN_UNDECLARED_SELECTOR = YES;
				GCC_WARN_UNINITIALIZED_AUTOS = YES_AGGRESSIVE;
				GCC_WARN_UNUSED_FUNCTION = YES;
				GCC_WARN_UNUSED_VARIABLE = YES;
				IPHONEOS_DEPLOYMENT_TARGET = 9.3;
				MTL_ENABLE_DEBUG_INFO = YES;
				ONLY_ACTIVE_ARCH = YES;
				SDKROOT = iphoneos;
				SWIFT_OPTIMIZATION_LEVEL = "-Onone";
				TARGETED_DEVICE_FAMILY = "1,2";
			};
			name = Debug;
		};
		CB8164D21D1CDD9100205181 /* Release */ = {
			isa = XCBuildConfiguration;
			buildSettings = {
				ALWAYS_SEARCH_USER_PATHS = NO;
				CLANG_ANALYZER_NONNULL = YES;
				CLANG_CXX_LANGUAGE_STANDARD = "gnu++0x";
				CLANG_CXX_LIBRARY = "libc++";
				CLANG_ENABLE_MODULES = YES;
				CLANG_ENABLE_OBJC_ARC = YES;
				CLANG_WARN_BOOL_CONVERSION = YES;
				CLANG_WARN_CONSTANT_CONVERSION = YES;
				CLANG_WARN_DIRECT_OBJC_ISA_USAGE = YES_ERROR;
				CLANG_WARN_EMPTY_BODY = YES;
				CLANG_WARN_ENUM_CONVERSION = YES;
				CLANG_WARN_INT_CONVERSION = YES;
				CLANG_WARN_OBJC_ROOT_CLASS = YES_ERROR;
				CLANG_WARN_UNREACHABLE_CODE = YES;
				CLANG_WARN__DUPLICATE_METHOD_MATCH = YES;
				"CODE_SIGN_IDENTITY[sdk=iphoneos*]" = "iPhone Developer";
				COPY_PHASE_STRIP = NO;
				DEBUG_INFORMATION_FORMAT = "dwarf-with-dsym";
				ENABLE_NS_ASSERTIONS = NO;
				ENABLE_STRICT_OBJC_MSGSEND = YES;
				GCC_C_LANGUAGE_STANDARD = gnu99;
				GCC_NO_COMMON_BLOCKS = YES;
				GCC_WARN_64_TO_32_BIT_CONVERSION = YES;
				GCC_WARN_ABOUT_RETURN_TYPE = YES_ERROR;
				GCC_WARN_UNDECLARED_SELECTOR = YES;
				GCC_WARN_UNINITIALIZED_AUTOS = YES_AGGRESSIVE;
				GCC_WARN_UNUSED_FUNCTION = YES;
				GCC_WARN_UNUSED_VARIABLE = YES;
				IPHONEOS_DEPLOYMENT_TARGET = 9.3;
				MTL_ENABLE_DEBUG_INFO = NO;
				SDKROOT = iphoneos;
				TARGETED_DEVICE_FAMILY = "1,2";
				VALIDATE_PRODUCT = YES;
			};
			name = Release;
		};
		CB8164D41D1CDD9100205181 /* Debug */ = {
			isa = XCBuildConfiguration;
			buildSettings = {
				ASSETCATALOG_COMPILER_APPICON_NAME = AppIcon;
				INFOPLIST_FILE = SwiftTipsLearn/Info.plist;
				LD_RUNPATH_SEARCH_PATHS = "$(inherited) @executable_path/Frameworks";
				PRODUCT_BUNDLE_IDENTIFIER = com.gsunis.SwiftTipsLearn;
				PRODUCT_NAME = "$(TARGET_NAME)";
			};
			name = Debug;
		};
		CB8164D51D1CDD9100205181 /* Release */ = {
			isa = XCBuildConfiguration;
			buildSettings = {
				ASSETCATALOG_COMPILER_APPICON_NAME = AppIcon;
				INFOPLIST_FILE = SwiftTipsLearn/Info.plist;
				LD_RUNPATH_SEARCH_PATHS = "$(inherited) @executable_path/Frameworks";
				PRODUCT_BUNDLE_IDENTIFIER = com.gsunis.SwiftTipsLearn;
				PRODUCT_NAME = "$(TARGET_NAME)";
			};
			name = Release;
		};
/* End XCBuildConfiguration section */

/* Begin XCConfigurationList section */
		CB8164BC1D1CDD9100205181 /* Build configuration list for PBXProject "SwiftTipsLearn" */ = {
			isa = XCConfigurationList;
			buildConfigurations = (
				CB8164D11D1CDD9100205181 /* Debug */,
				CB8164D21D1CDD9100205181 /* Release */,
			);
			defaultConfigurationIsVisible = 0;
			defaultConfigurationName = Release;
		};
		CB8164D31D1CDD9100205181 /* Build configuration list for PBXNativeTarget "SwiftTipsLearn" */ = {
			isa = XCConfigurationList;
			buildConfigurations = (
				CB8164D41D1CDD9100205181 /* Debug */,
				CB8164D51D1CDD9100205181 /* Release */,
			);
			defaultConfigurationIsVisible = 0;
		};
/* End XCConfigurationList section */
	};
	rootObject = CB8164B91D1CDD9100205181 /* Project object */;
}
